
Microsoft Visual Studio Solution File, Format Version 12.00
# Visual Studio Version 17
VisualStudioVersion = 17.10.35122.118
MinimumVisualStudioVersion = 10.0.40219.1
Project("{FAE04EC0-301F-11D3-BF4B-00C04F79EFBC}") = "BackofficeApp", "BackofficeApp\BackofficeApp\BackofficeApp.csproj", "{DCC5664E-68B4-4CD2-AEF7-E088C4316689}"
EndProject
Project("{FAE04EC0-301F-11D3-BF4B-00C04F79EFBC}") = "BackofficeApp.Client", "BackofficeApp\BackofficeApp.Client\BackofficeApp.Client.csproj", "{B62D60D8-7A3E-4EDC-A71C-AAF1C65740D9}"
EndProject
Global
	GlobalSection(SolutionConfigurationPlatforms) = preSolution
		Debug|Any CPU = Debug|Any CPU
		Release|Any CPU = Release|Any CPU
	EndGlobalSection
	GlobalSection(ProjectConfigurationPlatforms) = postSolution
		{DCC5664E-68B4-4CD2-AEF7-E088C4316689}.Debug|Any CPU.ActiveCfg = Debug|Any CPU
		{DCC5664E-68B4-4CD2-AEF7-E088C4316689}.Debug|Any CPU.Build.0 = Debug|Any CPU
		{DCC5664E-68B4-4CD2-AEF7-E088C4316689}.Release|Any CPU.ActiveCfg = Release|Any CPU
		{DCC5664E-68B4-4CD2-AEF7-E088C4316689}.Release|Any CPU.Build.0 = Release|Any CPU
		{B62D60D8-7A3E-4EDC-A71C-AAF1C65740D9}.Debug|Any CPU.ActiveCfg = Debug|Any CPU
		{B62D60D8-7A3E-4EDC-A71C-AAF1C65740D9}.Debug|Any CPU.Build.0 = Debug|Any CPU
		{B62D60D8-7A3E-4EDC-A71C-AAF1C65740D9}.Release|Any CPU.ActiveCfg = Release|Any CPU
		{B62D60D8-7A3E-4EDC-A71C-AAF1C65740D9}.Release|Any CPU.Build.0 = Release|Any CPU
	EndGlobalSection
	GlobalSection(SolutionProperties) = preSolution
		HideSolutionNode = FALSE
	EndGlobalSection
	GlobalSection(ExtensibilityGlobals) = postSolution
		SolutionGuid = {003577BC-C600-4F55-882F-FB51D292E2BD}
	EndGlobalSection
EndGlobal
